
Microsoft Visual Studio Solution File, Format Version 12.00
# Visual Studio Version 16
VisualStudioVersion = 16.0.28803.452
MinimumVisualStudioVersion = 10.0.40219.1
Project("{FAE04EC0-301F-11D3-BF4B-00C04F79EFBC}") = "MonkeyJobNodes", "JoaosCostumNodes\MonkeyJobNodes.csproj", "{B026344E-AE25-4714-A84E-C672309FCF44}"
EndProject
Global
	GlobalSection(SolutionConfigurationPlatforms) = preSolution
		Debug|Any CPU = Debug|Any CPU
		Release|Any CPU = Release|Any CPU
	EndGlobalSection
	GlobalSection(ProjectConfigurationPlatforms) = postSolution
		{B026344E-AE25-4714-A84E-C672309FCF44}.Debug|Any CPU.ActiveCfg = Debug|Any CPU
		{B026344E-AE25-4714-A84E-C672309FCF44}.Debug|Any CPU.Build.0 = Debug|Any CPU
		{B026344E-AE25-4714-A84E-C672309FCF44}.Release|Any CPU.ActiveCfg = Release|Any CPU
		{B026344E-AE25-4714-A84E-C672309FCF44}.Release|Any CPU.Build.0 = Release|Any CPU
	EndGlobalSection
	GlobalSection(SolutionProperties) = preSolution
		HideSolutionNode = FALSE
	EndGlobalSection
	GlobalSection(ExtensibilityGlobals) = postSolution
		SolutionGuid = {ECD85FF7-BAC9-4E56-98D1-91DBB9D27F16}
	EndGlobalSection
EndGlobal
